
Microsoft Visual Studio Solution File, Format Version 12.00
# Visual Studio Version 16
VisualStudioVersion = 16.0.29806.167
MinimumVisualStudioVersion = 10.0.40219.1
Project("{888888A0-9F3D-457C-B088-3A5042F75D52}") = "Lotto_prediction", "Lotto_prediction\Lotto_prediction.pyproj", "{7699A790-017A-4DE2-881C-0AE7D54668AC}"
EndProject
Global
	GlobalSection(SolutionConfigurationPlatforms) = preSolution
		Debug|Any CPU = Debug|Any CPU
		Release|Any CPU = Release|Any CPU
	EndGlobalSection
	GlobalSection(ProjectConfigurationPlatforms) = postSolution
		{7699A790-017A-4DE2-881C-0AE7D54668AC}.Debug|Any CPU.ActiveCfg = Debug|Any CPU
		{7699A790-017A-4DE2-881C-0AE7D54668AC}.Release|Any CPU.ActiveCfg = Release|Any CPU
	EndGlobalSection
	GlobalSection(SolutionProperties) = preSolution
		HideSolutionNode = FALSE
	EndGlobalSection
	GlobalSection(ExtensibilityGlobals) = postSolution
		SolutionGuid = {65D5A6FB-4A9E-468D-864C-F397D82F1F79}
	EndGlobalSection
EndGlobal
